
Microsoft Visual Studio Solution File, Format Version 12.00
# Visual Studio Version 17
VisualStudioVersion = 17.5.002.0
MinimumVisualStudioVersion = 10.0.40219.1
Project("{9A19103F-16F7-4668-BE54-9A1E7A4F7556}") = "exercicio01", "exercicio01.csproj", "{C853CF51-3218-444D-AEA9-E5181D797230}"
EndProject
Global
	GlobalSection(SolutionConfigurationPlatforms) = preSolution
		Debug|Any CPU = Debug|Any CPU
		Release|Any CPU = Release|Any CPU
	EndGlobalSection
	GlobalSection(ProjectConfigurationPlatforms) = postSolution
		{C853CF51-3218-444D-AEA9-E5181D797230}.Debug|Any CPU.ActiveCfg = Debug|Any CPU
		{C853CF51-3218-444D-AEA9-E5181D797230}.Debug|Any CPU.Build.0 = Debug|Any CPU
		{C853CF51-3218-444D-AEA9-E5181D797230}.Release|Any CPU.ActiveCfg = Release|Any CPU
		{C853CF51-3218-444D-AEA9-E5181D797230}.Release|Any CPU.Build.0 = Release|Any CPU
	EndGlobalSection
	GlobalSection(SolutionProperties) = preSolution
		HideSolutionNode = FALSE
	EndGlobalSection
	GlobalSection(ExtensibilityGlobals) = postSolution
		SolutionGuid = {DDA8DAA1-7C33-438B-9C30-489674D2291E}
	EndGlobalSection
EndGlobal
