
Microsoft Visual Studio Solution File, Format Version 12.00
# Visual Studio Version 17
VisualStudioVersion = 17.5.002.0
MinimumVisualStudioVersion = 10.0.40219.1
Project("{9A19103F-16F7-4668-BE54-9A1E7A4F7556}") = "exercicio03", "exercicio03.csproj", "{555D066F-BB95-447B-B66E-2104A4308836}"
EndProject
Global
	GlobalSection(SolutionConfigurationPlatforms) = preSolution
		Debug|Any CPU = Debug|Any CPU
		Release|Any CPU = Release|Any CPU
	EndGlobalSection
	GlobalSection(ProjectConfigurationPlatforms) = postSolution
		{555D066F-BB95-447B-B66E-2104A4308836}.Debug|Any CPU.ActiveCfg = Debug|Any CPU
		{555D066F-BB95-447B-B66E-2104A4308836}.Debug|Any CPU.Build.0 = Debug|Any CPU
		{555D066F-BB95-447B-B66E-2104A4308836}.Release|Any CPU.ActiveCfg = Release|Any CPU
		{555D066F-BB95-447B-B66E-2104A4308836}.Release|Any CPU.Build.0 = Release|Any CPU
	EndGlobalSection
	GlobalSection(SolutionProperties) = preSolution
		HideSolutionNode = FALSE
	EndGlobalSection
	GlobalSection(ExtensibilityGlobals) = postSolution
		SolutionGuid = {88511DE2-8158-48FD-B30D-34A95BA3C04E}
	EndGlobalSection
EndGlobal
