
Microsoft Visual Studio Solution File, Format Version 12.00
# Visual Studio Version 17
VisualStudioVersion = 17.5.002.0
MinimumVisualStudioVersion = 10.0.40219.1
Project("{9A19103F-16F7-4668-BE54-9A1E7A4F7556}") = "exercicio4", "exercicio4.csproj", "{BDDB6950-0743-4D3A-8994-DF846DE274BF}"
EndProject
Global
	GlobalSection(SolutionConfigurationPlatforms) = preSolution
		Debug|Any CPU = Debug|Any CPU
		Release|Any CPU = Release|Any CPU
	EndGlobalSection
	GlobalSection(ProjectConfigurationPlatforms) = postSolution
		{BDDB6950-0743-4D3A-8994-DF846DE274BF}.Debug|Any CPU.ActiveCfg = Debug|Any CPU
		{BDDB6950-0743-4D3A-8994-DF846DE274BF}.Debug|Any CPU.Build.0 = Debug|Any CPU
		{BDDB6950-0743-4D3A-8994-DF846DE274BF}.Release|Any CPU.ActiveCfg = Release|Any CPU
		{BDDB6950-0743-4D3A-8994-DF846DE274BF}.Release|Any CPU.Build.0 = Release|Any CPU
	EndGlobalSection
	GlobalSection(SolutionProperties) = preSolution
		HideSolutionNode = FALSE
	EndGlobalSection
	GlobalSection(ExtensibilityGlobals) = postSolution
		SolutionGuid = {AC87F33E-E5F2-48FD-9F3A-8E8EBF1C0999}
	EndGlobalSection
EndGlobal
